
Microsoft Visual Studio Solution File, Format Version 11.00
# Visual Studio 2010
Project("{FAE04EC0-301F-11D3-BF4B-00C04F79EFBC}") = "NHibernate.Spatial.vs2010", "NHibernate.Spatial\NHibernate.Spatial.vs2010.csproj", "{50868B60-AC38-47E1-BD09-B4A4AA06B6F2}"
EndProject
Project("{FAE04EC0-301F-11D3-BF4B-00C04F79EFBC}") = "NHibernate.Spatial.PostGis.vs2010", "NHibernate.Spatial.PostGis\NHibernate.Spatial.PostGis.vs2010.csproj", "{0DD11B24-D42E-4345-A770-0CE755E17C82}"
EndProject
Project("{FAE04EC0-301F-11D3-BF4B-00C04F79EFBC}") = "Tests.NHibernate.Spatial.PostGis.vs2010", "Tests.NHibernate.Spatial.PostGis\Tests.NHibernate.Spatial.PostGis.vs2010.csproj", "{FE98272E-2526-471E-88C5-AD4518A447F9}"
EndProject
Project("{FAE04EC0-301F-11D3-BF4B-00C04F79EFBC}") = "Tests.NHibernate.Spatial.vs2010", "Tests.NHibernate.Spatial\Tests.NHibernate.Spatial.vs2010.csproj", "{CF7F3A94-6560-4A2D-9BCE-F2B5A9583ECA}"
EndProject
Global
	GlobalSection(SolutionConfigurationPlatforms) = preSolution
		Debug|Any CPU = Debug|Any CPU
		Release|Any CPU = Release|Any CPU
	EndGlobalSection
	GlobalSection(ProjectConfigurationPlatforms) = postSolution
		{50868B60-AC38-47E1-BD09-B4A4AA06B6F2}.Debug|Any CPU.ActiveCfg = Debug|Any CPU
		{50868B60-AC38-47E1-BD09-B4A4AA06B6F2}.Debug|Any CPU.Build.0 = Debug|Any CPU
		{50868B60-AC38-47E1-BD09-B4A4AA06B6F2}.Release|Any CPU.ActiveCfg = Release|Any CPU
		{50868B60-AC38-47E1-BD09-B4A4AA06B6F2}.Release|Any CPU.Build.0 = Release|Any CPU
		{0DD11B24-D42E-4345-A770-0CE755E17C82}.Debug|Any CPU.ActiveCfg = Debug|Any CPU
		{0DD11B24-D42E-4345-A770-0CE755E17C82}.Debug|Any CPU.Build.0 = Debug|Any CPU
		{0DD11B24-D42E-4345-A770-0CE755E17C82}.Release|Any CPU.ActiveCfg = Release|Any CPU
		{0DD11B24-D42E-4345-A770-0CE755E17C82}.Release|Any CPU.Build.0 = Release|Any CPU
		{FE98272E-2526-471E-88C5-AD4518A447F9}.Debug|Any CPU.ActiveCfg = Debug|Any CPU
		{FE98272E-2526-471E-88C5-AD4518A447F9}.Debug|Any CPU.Build.0 = Debug|Any CPU
		{FE98272E-2526-471E-88C5-AD4518A447F9}.Release|Any CPU.ActiveCfg = Release|Any CPU
		{FE98272E-2526-471E-88C5-AD4518A447F9}.Release|Any CPU.Build.0 = Release|Any CPU
		{CF7F3A94-6560-4A2D-9BCE-F2B5A9583ECA}.Debug|Any CPU.ActiveCfg = Debug|Any CPU
		{CF7F3A94-6560-4A2D-9BCE-F2B5A9583ECA}.Debug|Any CPU.Build.0 = Debug|Any CPU
		{CF7F3A94-6560-4A2D-9BCE-F2B5A9583ECA}.Release|Any CPU.ActiveCfg = Release|Any CPU
		{CF7F3A94-6560-4A2D-9BCE-F2B5A9583ECA}.Release|Any CPU.Build.0 = Release|Any CPU
	EndGlobalSection
	GlobalSection(SolutionProperties) = preSolution
		HideSolutionNode = FALSE
	EndGlobalSection
EndGlobal
